
Microsoft Visual Studio Solution File, Format Version 12.00
# Visual Studio Version 17
VisualStudioVersion = 17.4.33213.308
MinimumVisualStudioVersion = 10.0.40219.1
Project("{9A19103F-16F7-4668-BE54-9A1E7A4F7556}") = "CodeChallenge.Tests", "CodeChallenge.Tests.csproj", "{7CAF9A7C-8772-49B3-8F37-24876E70AB49}"
EndProject
Global
	GlobalSection(SolutionConfigurationPlatforms) = preSolution
		Debug|Any CPU = Debug|Any CPU
		Release|Any CPU = Release|Any CPU
	EndGlobalSection
	GlobalSection(ProjectConfigurationPlatforms) = postSolution
		{7CAF9A7C-8772-49B3-8F37-24876E70AB49}.Debug|Any CPU.ActiveCfg = Debug|Any CPU
		{7CAF9A7C-8772-49B3-8F37-24876E70AB49}.Debug|Any CPU.Build.0 = Debug|Any CPU
		{7CAF9A7C-8772-49B3-8F37-24876E70AB49}.Release|Any CPU.ActiveCfg = Release|Any CPU
		{7CAF9A7C-8772-49B3-8F37-24876E70AB49}.Release|Any CPU.Build.0 = Release|Any CPU
	EndGlobalSection
	GlobalSection(SolutionProperties) = preSolution
		HideSolutionNode = FALSE
	EndGlobalSection
	GlobalSection(ExtensibilityGlobals) = postSolution
		SolutionGuid = {2736A0C7-8F68-4759-9F4F-7C8BACB73FFC}
	EndGlobalSection
EndGlobal
